<?xml version="1.0" encoding="utf-8"?>
<Project ToolsVersion="4.0" xmlns="http://schemas.microsoft.com/developer/msbuild/2003">
  <ItemGroup>
    <Filter Include="Header Files">
      <UniqueIdentifier>{93995380-89BD-4b04-88EB-625FBE52EBFB}</UniqueIdentifier>
      <Extensions>h;hh;hpp;hxx;h++;hm;inl;inc;ipp;xsd</Extensions>
    </Filter>
    <Filter Include="Resource Files">
      <UniqueIdentifier>{67DA6AB6-F800-4c08-8B7A-83BB121AAD01}</UniqueIdentifier>
      <Extensions>rc;ico;cur;bmp;dlg;rc2;rct;bin;rgs;gif;jpg;jpeg;jpe;resx;tiff;tif;png;wav;mfcribbon-ms</Extensions>
    </Filter>
    <Filter Include="Resource Files\Source Files">
      <UniqueIdentifier>{4FC737F1-C7A5-4376-A066-2A32D752A2FF}</UniqueIdentifier>
      <Extensions>cpp;c;cc;cxx;c++;cppm;ixx;def;odl;idl;hpj;bat;asm;asmx</Extensions>
    </Filter>
  </ItemGroup>
  <ItemGroup>
    <ClCompile Include="restApp.cpp">
      <Filter>Resource Files\Source Files</Filter>
    </ClCompile>
    <ClCompile Include="LoginForm.cpp">
      <Filter>Resource Files\Source Files</Filter>
    </ClCompile>
    <ClCompile Include="MainForm.cpp">
      <Filter>Resource Files\Source Files</Filter>
    </ClCompile>
    <ClCompile Include="MainMenuForm.cpp">
      <Filter>Resource Files\Source Files</Filter>
    </ClCompile>
    <ClCompile Include="RegisterForm.cpp">
      <Filter>Resource Files\Source Files</Filter>
    </ClCompile>
    <ClCompile Include="..\src\dbase.cpp">
      <Filter>Resource Files\Source Files</Filter>
    </ClCompile>
    <ClCompile Include="MainMenuAdminForm.cpp">
      <Filter>Resource Files\Source Files</Filter>
    </ClCompile>
    <ClCompile Include="ProfileForm.cpp">
      <Filter>Resource Files\Source Files</Filter>
    </ClCompile>
    <ClCompile Include="DeleteProfileForm.cpp">
      <Filter>Resource Files\Source Files</Filter>
    </ClCompile>
    <ClCompile Include="AuthForm.cpp">
      <Filter>Resource Files\Source Files</Filter>
    </ClCompile>
    <ClCompile Include="ResourcesForm.cpp">
      <Filter>Resource Files\Source Files</Filter>
    </ClCompile>
    <ClCompile Include="ResourceItem.cpp">
      <Filter>Resource Files\Source Files</Filter>
    </ClCompile>
    <ClCompile Include="MyMenuForm.cpp">
      <Filter>Resource Files\Source Files</Filter>
    </ClCompile>
    <ClCompile Include="CreateArticleForm.cpp">
      <Filter>Resource Files\Source Files</Filter>
    </ClCompile>
    <ClCompile Include="UsedResourceItem.cpp">
      <Filter>Resource Files\Source Files</Filter>
    </ClCompile>
    <ClCompile Include="ArticleItem.cpp">
      <Filter>Resource Files\Source Files</Filter>
    </ClCompile>
    <ClCompile Include="WorkerResourcesForm.cpp">
      <Filter>Resource Files\Source Files</Filter>
    </ClCompile>
    <ClCompile Include="EditArticleForm.cpp">
      <Filter>Resource Files\Source Files</Filter>
    </ClCompile>
    <ClCompile Include="OrdersForm.cpp">
      <Filter>Resource Files\Source Files</Filter>
    </ClCompile>
    <ClCompile Include="OrderItem.cpp">
      <Filter>Resource Files\Source Files</Filter>
    </ClCompile>
    <ClCompile Include="ReceiptForm.cpp">
      <Filter>Resource Files\Source Files</Filter>
    </ClCompile>
    <ClCompile Include="MakeOrderForm.cpp">
      <Filter>Resource Files\Source Files</Filter>
    </ClCompile>
    <ClCompile Include="MakeOrderArticleItem.cpp">
      <Filter>Resource Files\Source Files</Filter>
    </ClCompile>
    <ClCompile Include="SendOrderForm.cpp">
      <Filter>Resource Files\Source Files</Filter>
    </ClCompile>
    <ClCompile Include="RestaurantAdminView.cpp">
      <Filter>Resource Files\Source Files</Filter>
    </ClCompile>
    <ClCompile Include="ArticleOrderedItem.cpp">
      <Filter>Resource Files\Source Files</Filter>
    </ClCompile>
    <ClCompile Include="StatisticsForm.cpp">
      <Filter>Resource Files\Source Files</Filter>
    </ClCompile>
  </ItemGroup>
  <ItemGroup>
    <ClInclude Include="LoginForm.h">
      <Filter>Header Files</Filter>
    </ClInclude>
    <ClInclude Include="MainForm.h">
      <Filter>Header Files</Filter>
    </ClInclude>
    <ClInclude Include="MainMenuForm.h">
      <Filter>Header Files</Filter>
    </ClInclude>
    <ClInclude Include="RegisterForm.h">
      <Filter>Header Files</Filter>
    </ClInclude>
    <ClInclude Include="MainMenuAdminForm.h">
      <Filter>Header Files</Filter>
    </ClInclude>
    <ClInclude Include="ProfileForm.h">
      <Filter>Header Files</Filter>
    </ClInclude>
    <ClInclude Include="DeleteProfileForm.h">
      <Filter>Header Files</Filter>
    </ClInclude>
    <ClInclude Include="ResourcesForm.h">
      <Filter>Header Files</Filter>
    </ClInclude>
    <ClInclude Include="ResourceItem.h">
      <Filter>Header Files</Filter>
    </ClInclude>
    <ClInclude Include="MyMenuForm.h">
      <Filter>Header Files</Filter>
    </ClInclude>
    <ClInclude Include="AuthForm.h">
      <Filter>Header Files</Filter>
    </ClInclude>
    <ClInclude Include="CreateArticleForm.h">
      <Filter>Header Files</Filter>
    </ClInclude>
    <ClInclude Include="UsedResourceItem.h">
      <Filter>Header Files</Filter>
    </ClInclude>
    <ClInclude Include="ArticleItem.h">
      <Filter>Header Files</Filter>
    </ClInclude>
    <ClInclude Include="WorkerResourcesForm.h">
      <Filter>Header Files</Filter>
    </ClInclude>
    <ClInclude Include="EditArticleForm.h">
      <Filter>Header Files</Filter>
    </ClInclude>
    <ClInclude Include="OrdersForm.h">
      <Filter>Header Files</Filter>
    </ClInclude>
    <ClInclude Include="OrderItem.h">
      <Filter>Header Files</Filter>
    </ClInclude>
    <ClInclude Include="ReceiptForm.h">
      <Filter>Header Files</Filter>
    </ClInclude>
    <ClInclude Include="MakeOrderForm.h">
      <Filter>Header Files</Filter>
    </ClInclude>
    <ClInclude Include="MakeOrderArticleItem.h">
      <Filter>Header Files</Filter>
    </ClInclude>
    <ClInclude Include="SendOrderForm.h">
      <Filter>Header Files</Filter>
    </ClInclude>
    <ClInclude Include="RestaurantAdminView.h">
      <Filter>Header Files</Filter>
    </ClInclude>
    <ClInclude Include="ArticleOrderedItem.h">
      <Filter>Header Files</Filter>
    </ClInclude>
    <ClInclude Include="StatisticsForm.h">
      <Filter>Header Files</Filter>
    </ClInclude>
    <ClInclude Include="resource.h">
      <Filter>Header Files</Filter>
    </ClInclude>
  </ItemGroup>
  <ItemGroup>
    <ResourceCompile Include="restApp.rc">
      <Filter>Resource Files</Filter>
    </ResourceCompile>
  </ItemGroup>
  <ItemGroup>
    <Image Include="..\..\..\..\Downloads\lol.ico">
      <Filter>Resource Files</Filter>
    </Image>
  </ItemGroup>
</Project>