<?xml version="1.0" encoding="utf-8"?>
<Project ToolsVersion="4.0" xmlns="http://schemas.microsoft.com/developer/msbuild/2003">
  <ItemGroup>
    <Filter Include="Source Files">
      <UniqueIdentifier>{4FC737F1-C7A5-4376-A066-2A32D752A2FF}</UniqueIdentifier>
      <Extensions>cpp;c;cc;cxx;c++;cppm;ixx;def;odl;idl;hpj;bat;asm;asmx</Extensions>
    </Filter>
    <Filter Include="Header Files">
      <UniqueIdentifier>{93995380-89BD-4b04-88EB-625FBE52EBFB}</UniqueIdentifier>
      <Extensions>h;hh;hpp;hxx;h++;hm;inl;inc;ipp;xsd</Extensions>
    </Filter>
    <Filter Include="Header Files\Resource Files">
      <UniqueIdentifier>{67DA6AB6-F800-4c08-8B7A-83BB121AAD01}</UniqueIdentifier>
      <Extensions>rc;ico;cur;bmp;dlg;rc2;rct;bin;rgs;gif;jpg;jpeg;jpe;resx;tiff;tif;png;wav;mfcribbon-ms</Extensions>
    </Filter>
  </ItemGroup>
  <ItemGroup>
    <ClCompile Include="userApp.cpp">
      <Filter>Source Files</Filter>
    </ClCompile>
    <ClCompile Include="MainForm.cpp">
      <Filter>Source Files</Filter>
    </ClCompile>
    <ClCompile Include="RegisterForm.cpp">
      <Filter>Source Files</Filter>
    </ClCompile>
    <ClCompile Include="LoginForm.cpp">
      <Filter>Source Files</Filter>
    </ClCompile>
    <ClCompile Include="..\src\dbase.cpp">
      <Filter>Source Files</Filter>
    </ClCompile>
    <ClCompile Include="MainMenuForm.cpp">
      <Filter>Source Files</Filter>
    </ClCompile>
    <ClCompile Include="ProfileForm.cpp">
      <Filter>Source Files</Filter>
    </ClCompile>
    <ClCompile Include="DeleteProfileForm.cpp">
      <Filter>Source Files</Filter>
    </ClCompile>
    <ClCompile Include="RestaurantsForm.cpp">
      <Filter>Source Files</Filter>
    </ClCompile>
    <ClCompile Include="RestaurantItem.cpp">
      <Filter>Source Files</Filter>
    </ClCompile>
    <ClCompile Include="MakeOrderForm.cpp">
      <Filter>Source Files</Filter>
    </ClCompile>
    <ClCompile Include="MakeOrderArticleItem.cpp">
      <Filter>Source Files</Filter>
    </ClCompile>
    <ClCompile Include="AddBalanceForm.cpp">
      <Filter>Source Files</Filter>
    </ClCompile>
    <ClCompile Include="SendOrderForm.cpp">
      <Filter>Source Files</Filter>
    </ClCompile>
    <ClCompile Include="OrderHistory.cpp">
      <Filter>Source Files</Filter>
    </ClCompile>
    <ClCompile Include="OldOrderItem.cpp">
      <Filter>Source Files</Filter>
    </ClCompile>
    <ClCompile Include="OrderedArticleItem.cpp">
      <Filter>Source Files</Filter>
    </ClCompile>
  </ItemGroup>
  <ItemGroup>
    <ClInclude Include="MainForm.h">
      <Filter>Header Files</Filter>
    </ClInclude>
    <ClInclude Include="RegisterForm.h">
      <Filter>Header Files</Filter>
    </ClInclude>
    <ClInclude Include="LoginForm.h">
      <Filter>Header Files</Filter>
    </ClInclude>
    <ClInclude Include="MainMenuForm.h">
      <Filter>Header Files</Filter>
    </ClInclude>
    <ClInclude Include="ProfileForm.h">
      <Filter>Header Files</Filter>
    </ClInclude>
    <ClInclude Include="DeleteProfileForm.h">
      <Filter>Header Files</Filter>
    </ClInclude>
    <ClInclude Include="RestaurantsForm.h">
      <Filter>Header Files</Filter>
    </ClInclude>
    <ClInclude Include="RestaurantItem.h">
      <Filter>Header Files</Filter>
    </ClInclude>
    <ClInclude Include="MakeOrderForm.h">
      <Filter>Header Files</Filter>
    </ClInclude>
    <ClInclude Include="MakeOrderArticleItem.h">
      <Filter>Header Files</Filter>
    </ClInclude>
    <ClInclude Include="AddBalanceForm.h">
      <Filter>Header Files</Filter>
    </ClInclude>
    <ClInclude Include="SendOrderForm.h">
      <Filter>Header Files</Filter>
    </ClInclude>
    <ClInclude Include="OrderHistoryForm.h">
      <Filter>Header Files</Filter>
    </ClInclude>
    <ClInclude Include="OldOrderItem.h">
      <Filter>Header Files</Filter>
    </ClInclude>
    <ClInclude Include="OrderedArticleItem.h">
      <Filter>Header Files</Filter>
    </ClInclude>
    <ClInclude Include="resource.h">
      <Filter>Header Files</Filter>
    </ClInclude>
  </ItemGroup>
  <ItemGroup>
    <ResourceCompile Include="userApp.rc">
      <Filter>Header Files\Resource Files</Filter>
    </ResourceCompile>
  </ItemGroup>
  <ItemGroup>
    <Image Include="..\..\..\..\Downloads\lol.ico">
      <Filter>Header Files\Resource Files</Filter>
    </Image>
  </ItemGroup>
</Project>